<?xml version="1.0" encoding="utf-8"?>
<Project ToolsVersion="4.0" xmlns="http://schemas.microsoft.com/developer/msbuild/2003">
  <ItemGroup>
    <Filter Include="Source Files">
      <UniqueIdentifier>{4FC737F1-C7A5-4376-A066-2A32D752A2FF}</UniqueIdentifier>
      <Extensions>cpp;c;cc;cxx;c++;cppm;ixx;def;odl;idl;hpj;bat;asm;asmx</Extensions>
    </Filter>
    <Filter Include="Header Files">
      <UniqueIdentifier>{93995380-89BD-4b04-88EB-625FBE52EBFB}</UniqueIdentifier>
      <Extensions>h;hh;hpp;hxx;h++;hm;inl;inc;ipp;xsd</Extensions>
    </Filter>
    <Filter Include="Resource Files">
      <UniqueIdentifier>{67DA6AB6-F800-4c08-8B7A-83BB121AAD01}</UniqueIdentifier>
      <Extensions>rc;ico;cur;bmp;dlg;rc2;rct;bin;rgs;gif;jpg;jpeg;jpe;resx;tiff;tif;png;wav;mfcribbon-ms</Extensions>
    </Filter>
    <Filter Include="External Sources">
      <UniqueIdentifier>{30605b3c-83b1-40b9-be36-b6195e7d7e83}</UniqueIdentifier>
    </Filter>
    <Filter Include="External Sources\NativeFileDialogs">
      <UniqueIdentifier>{21c9c68a-5740-47b5-a980-c7aa7854efcb}</UniqueIdentifier>
    </Filter>
    <Filter Include="External Sources\Dear ImGui">
      <UniqueIdentifier>{ec96f2a9-b8de-4083-88d6-d1017969006a}</UniqueIdentifier>
    </Filter>
    <Filter Include="External Sources\traypp">
      <UniqueIdentifier>{3c69078f-5f36-4ee4-b769-1b09e19224b6}</UniqueIdentifier>
    </Filter>
    <Filter Include="External Sources\traypp\src">
      <UniqueIdentifier>{0caaa308-83ae-46dc-855b-5b434cb047f5}</UniqueIdentifier>
    </Filter>
    <Filter Include="External Sources\traypp\include">
      <UniqueIdentifier>{9d4dd7dc-5ee1-4ab3-b52c-9664707d3611}</UniqueIdentifier>
    </Filter>
    <Filter Include="External Sources\traypp\include\components">
      <UniqueIdentifier>{087f2e8d-30b0-4454-8195-46fd8c67add3}</UniqueIdentifier>
    </Filter>
    <Filter Include="External Sources\traypp\include\core">
      <UniqueIdentifier>{b376b85a-fc16-44f2-93da-5405cba4713c}</UniqueIdentifier>
    </Filter>
    <Filter Include="External Sources\traypp\src\components">
      <UniqueIdentifier>{2e883824-9852-409d-b17d-3eeb36e82d7d}</UniqueIdentifier>
    </Filter>
    <Filter Include="External Sources\traypp\src\core">
      <UniqueIdentifier>{bfcdfd08-020d-4441-8eca-53fe7f35ac67}</UniqueIdentifier>
    </Filter>
  </ItemGroup>
  <ItemGroup>
    <ClCompile Include="..\imgui\imgui.cpp">
      <Filter>External Sources\Dear ImGui</Filter>
    </ClCompile>
    <ClCompile Include="..\imgui\imgui_demo.cpp">
      <Filter>External Sources\Dear ImGui</Filter>
    </ClCompile>
    <ClCompile Include="..\imgui\imgui_draw.cpp">
      <Filter>External Sources\Dear ImGui</Filter>
    </ClCompile>
    <ClCompile Include="..\imgui\imgui_tables.cpp">
      <Filter>External Sources\Dear ImGui</Filter>
    </ClCompile>
    <ClCompile Include="..\imgui\imgui_widgets.cpp">
      <Filter>External Sources\Dear ImGui</Filter>
    </ClCompile>
    <ClCompile Include="..\imgui\backends\imgui_impl_sdl3.cpp">
      <Filter>External Sources\Dear ImGui</Filter>
    </ClCompile>
    <ClCompile Include="..\imgui\backends\imgui_impl_sdlrenderer3.cpp">
      <Filter>External Sources\Dear ImGui</Filter>
    </ClCompile>
    <ClCompile Include="src\GUI.cpp">
      <Filter>Source Files</Filter>
    </ClCompile>
    <ClCompile Include="src\main.cpp">
      <Filter>Source Files</Filter>
    </ClCompile>
    <ClCompile Include="src\Server.cpp">
      <Filter>Source Files</Filter>
    </ClCompile>
    <ClCompile Include="..\NativeFileDIalogs-Extended\nfd_win.cpp">
      <Filter>External Sources\NativeFileDialogs</Filter>
    </ClCompile>
    <ClCompile Include="..\traypp\src\core\entry.cpp">
      <Filter>External Sources\traypp\src\core</Filter>
    </ClCompile>
    <ClCompile Include="..\traypp\src\core\traybase.cpp">
      <Filter>External Sources\traypp\src\core</Filter>
    </ClCompile>
    <ClCompile Include="..\traypp\src\core\windows\icon.cpp">
      <Filter>External Sources\traypp\src\core</Filter>
    </ClCompile>
    <ClCompile Include="..\traypp\src\core\windows\image.cpp">
      <Filter>External Sources\traypp\src\core</Filter>
    </ClCompile>
    <ClCompile Include="..\traypp\src\core\windows\tray.cpp">
      <Filter>External Sources\traypp\src\core</Filter>
    </ClCompile>
    <ClCompile Include="..\traypp\src\components\button.cpp">
      <Filter>External Sources\traypp\src\components</Filter>
    </ClCompile>
    <ClCompile Include="..\traypp\src\components\imagebutton.cpp">
      <Filter>External Sources\traypp\src\components</Filter>
    </ClCompile>
    <ClCompile Include="..\traypp\src\components\label.cpp">
      <Filter>External Sources\traypp\src\components</Filter>
    </ClCompile>
    <ClCompile Include="..\traypp\src\components\separator.cpp">
      <Filter>External Sources\traypp\src\components</Filter>
    </ClCompile>
    <ClCompile Include="..\traypp\src\components\submenu.cpp">
      <Filter>External Sources\traypp\src\components</Filter>
    </ClCompile>
    <ClCompile Include="..\traypp\src\components\syncedtoggle.cpp">
      <Filter>External Sources\traypp\src\components</Filter>
    </ClCompile>
    <ClCompile Include="..\traypp\src\components\toggle.cpp">
      <Filter>External Sources\traypp\src\components</Filter>
    </ClCompile>
    <ClCompile Include="..\imgui\imgui_stdlib.cpp">
      <Filter>External Sources\Dear ImGui</Filter>
    </ClCompile>
    <ClCompile Include="..\imgui\imgui_freetype.cpp">
      <Filter>External Sources\Dear ImGui</Filter>
    </ClCompile>
    <ClCompile Include="src\Config.cpp">
      <Filter>Source Files</Filter>
    </ClCompile>
  </ItemGroup>
  <ItemGroup>
    <ClInclude Include="include\Header.h">
      <Filter>Header Files</Filter>
    </ClInclude>
    <ClInclude Include="include\GUI.h">
      <Filter>Header Files</Filter>
    </ClInclude>
    <ClInclude Include="..\imgui\imconfig.h">
      <Filter>External Sources\Dear ImGui</Filter>
    </ClInclude>
    <ClInclude Include="..\imgui\imgui.h">
      <Filter>External Sources\Dear ImGui</Filter>
    </ClInclude>
    <ClInclude Include="..\imgui\imgui_internal.h">
      <Filter>External Sources\Dear ImGui</Filter>
    </ClInclude>
    <ClInclude Include="..\imgui\backends\imgui_impl_sdl3.h">
      <Filter>External Sources\Dear ImGui</Filter>
    </ClInclude>
    <ClInclude Include="..\imgui\backends\imgui_impl_sdlrenderer3.h">
      <Filter>External Sources\Dear ImGui</Filter>
    </ClInclude>
    <ClInclude Include="..\NativeFileDIalogs-Extended\include\nfd.hpp">
      <Filter>External Sources\NativeFileDialogs</Filter>
    </ClInclude>
    <ClInclude Include="..\traypp\include\components\button.hpp">
      <Filter>External Sources\traypp\include\components</Filter>
    </ClInclude>
    <ClInclude Include="..\traypp\include\components\imagebutton.hpp">
      <Filter>External Sources\traypp\include\components</Filter>
    </ClInclude>
    <ClInclude Include="..\traypp\include\components\label.hpp">
      <Filter>External Sources\traypp\include\components</Filter>
    </ClInclude>
    <ClInclude Include="..\traypp\include\components\separator.hpp">
      <Filter>External Sources\traypp\include\components</Filter>
    </ClInclude>
    <ClInclude Include="..\traypp\include\components\submenu.hpp">
      <Filter>External Sources\traypp\include\components</Filter>
    </ClInclude>
    <ClInclude Include="..\traypp\include\components\syncedtoggle.hpp">
      <Filter>External Sources\traypp\include\components</Filter>
    </ClInclude>
    <ClInclude Include="..\traypp\include\components\toggle.hpp">
      <Filter>External Sources\traypp\include\components</Filter>
    </ClInclude>
    <ClInclude Include="..\traypp\include\tray.hpp">
      <Filter>External Sources\traypp\include</Filter>
    </ClInclude>
    <ClInclude Include="..\traypp\include\core\entry.hpp">
      <Filter>External Sources\traypp\include\core</Filter>
    </ClInclude>
    <ClInclude Include="..\traypp\include\core\icon.hpp">
      <Filter>External Sources\traypp\include\core</Filter>
    </ClInclude>
    <ClInclude Include="..\traypp\include\core\image.hpp">
      <Filter>External Sources\traypp\include\core</Filter>
    </ClInclude>
    <ClInclude Include="..\traypp\include\core\traybase.hpp">
      <Filter>External Sources\traypp\include\core</Filter>
    </ClInclude>
    <ClInclude Include="..\traypp\include\core\windows\tray.hpp">
      <Filter>External Sources\traypp\include\core</Filter>
    </ClInclude>
    <ClInclude Include="..\imgui\imgui_stdlib.h">
      <Filter>External Sources\Dear ImGui</Filter>
    </ClInclude>
    <ClInclude Include="..\NativeFileDIalogs-Extended\include\nfd.h">
      <Filter>External Sources\NativeFileDialogs</Filter>
    </ClInclude>
    <ClInclude Include="..\imgui\imgui_freetype.h">
      <Filter>External Sources\Dear ImGui</Filter>
    </ClInclude>
    <ClInclude Include="include\Config.h">
      <Filter>Header Files</Filter>
    </ClInclude>
    <ClInclude Include="include\Server.h">
      <Filter>Header Files</Filter>
    </ClInclude>
    <ClInclude Include="resource.h">
      <Filter>Resource Files</Filter>
    </ClInclude>
  </ItemGroup>
  <ItemGroup>
    <Image Include="..\icon.png">
      <Filter>Resource Files</Filter>
    </Image>
    <Image Include="..\icon.ico">
      <Filter>Resource Files</Filter>
    </Image>
  </ItemGroup>
  <ItemGroup>
    <ResourceCompile Include="Server.rc">
      <Filter>Resource Files</Filter>
    </ResourceCompile>
  </ItemGroup>
</Project>